
Microsoft Visual Studio Solution File, Format Version 12.00
# Visual Studio 14
VisualStudioVersion = 14.0.25420.1
MinimumVisualStudioVersion = 10.0.40219.1
Project("{FAE04EC0-301F-11D3-BF4B-00C04F79EFBC}") = "A4A", "A4A\A4A.csproj", "{E8FC04D8-B529-4C1E-9B1A-176A873F36A7}"
EndProject
Project("{FAE04EC0-301F-11D3-BF4B-00C04F79EFBC}") = "AutoCodeforces", "..\AutoCodeforces\AutoCodeforces\AutoCodeforces.csproj", "{C9948FD2-65F0-468C-8243-84024B0472CA}"
EndProject
Global
	GlobalSection(SolutionConfigurationPlatforms) = preSolution
		Debug|Any CPU = Debug|Any CPU
		Release|Any CPU = Release|Any CPU
	EndGlobalSection
	GlobalSection(ProjectConfigurationPlatforms) = postSolution
		{E8FC04D8-B529-4C1E-9B1A-176A873F36A7}.Debug|Any CPU.ActiveCfg = Debug|Any CPU
		{E8FC04D8-B529-4C1E-9B1A-176A873F36A7}.Debug|Any CPU.Build.0 = Debug|Any CPU
		{E8FC04D8-B529-4C1E-9B1A-176A873F36A7}.Release|Any CPU.ActiveCfg = Release|Any CPU
		{E8FC04D8-B529-4C1E-9B1A-176A873F36A7}.Release|Any CPU.Build.0 = Release|Any CPU
		{C9948FD2-65F0-468C-8243-84024B0472CA}.Debug|Any CPU.ActiveCfg = Debug|Any CPU
		{C9948FD2-65F0-468C-8243-84024B0472CA}.Debug|Any CPU.Build.0 = Debug|Any CPU
		{C9948FD2-65F0-468C-8243-84024B0472CA}.Release|Any CPU.ActiveCfg = Release|Any CPU
		{C9948FD2-65F0-468C-8243-84024B0472CA}.Release|Any CPU.Build.0 = Release|Any CPU
	EndGlobalSection
	GlobalSection(SolutionProperties) = preSolution
		HideSolutionNode = FALSE
	EndGlobalSection
	GlobalSection(ExtensibilityGlobals) = postSolution
		SolutionGuid = {77913DB7-3F6B-41DC-8025-E9A6F3DB20C8}
	EndGlobalSection
EndGlobal
